// !$*UTF8*$!
{
	archiveVersion = 1;
	classes = {
	};
	objectVersion = 50;
	objects = {

/* Begin PBXBuildFile section */
		734C6F75242654BF003F9F4C /* AppDelegate.swift in Sources */ = {isa = PBXBuildFile; fileRef = 734C6F74242654BF003F9F4C /* AppDelegate.swift */; };
		734C6F77242654BF003F9F4C /* SceneDelegate.swift in Sources */ = {isa = PBXBuildFile; fileRef = 734C6F76242654BF003F9F4C /* SceneDelegate.swift */; };
		734C6F79242654BF003F9F4C /* ViewController.swift in Sources */ = {isa = PBXBuildFile; fileRef = 734C6F78242654BF003F9F4C /* ViewController.swift */; };
		734C6F7C242654BF003F9F4C /* Main.storyboard in Resources */ = {isa = PBXBuildFile; fileRef = 734C6F7A242654BF003F9F4C /* Main.storyboard */; };
		734C6F7E242654C0003F9F4C /* Assets.xcassets in Resources */ = {isa = PBXBuildFile; fileRef = 734C6F7D242654C0003F9F4C /* Assets.xcassets */; };
		734C6F81242654C0003F9F4C /* LaunchScreen.storyboard in Resources */ = {isa = PBXBuildFile; fileRef = 734C6F7F242654C0003F9F4C /* LaunchScreen.storyboard */; };
		734C6F8924265788003F9F4C /* 周興哲-怎麼了.mp4 in Resources */ = {isa = PBXBuildFile; fileRef = 734C6F8824265788003F9F4C /* 周興哲-怎麼了.mp4 */; };
		734C6F8B242663BC003F9F4C /* album.swift in Sources */ = {isa = PBXBuildFile; fileRef = 734C6F8A242663BC003F9F4C /* album.swift */; };
		73D70C90242672C60034FF6C /* 周興哲-This is love.mp4 in Resources */ = {isa = PBXBuildFile; fileRef = 73D70C88242672C00034FF6C /* 周興哲-This is love.mp4 */; };
		73D70C91242672C60034FF6C /* 周興哲-Old Days.mp4 in Resources */ = {isa = PBXBuildFile; fileRef = 73D70C89242672C00034FF6C /* 周興哲-Old Days.mp4 */; };
		73D70C92242672C60034FF6C /* 周興哲-如果雨之後.mp4 in Resources */ = {isa = PBXBuildFile; fileRef = 73D70C8A242672C10034FF6C /* 周興哲-如果雨之後.mp4 */; };
		73D70C93242672C60034FF6C /* 周興哲-你好不好.mp4 in Resources */ = {isa = PBXBuildFile; fileRef = 73D70C8B242672C20034FF6C /* 周興哲-你好不好.mp4 */; };
		73D70C94242672C60034FF6C /* 周興哲-以後別做朋友.mp4 in Resources */ = {isa = PBXBuildFile; fileRef = 73D70C8C242672C30034FF6C /* 周興哲-以後別做朋友.mp4 */; };
		73D70C95242672C60034FF6C /* 周興哲-至少我還記得.mp4 in Resources */ = {isa = PBXBuildFile; fileRef = 73D70C8D242672C40034FF6C /* 周興哲-至少我還記得.mp4 */; };
		73D70C96242672C60034FF6C /* 周興哲-終於了解自由.mp4 in Resources */ = {isa = PBXBuildFile; fileRef = 73D70C8E242672C50034FF6C /* 周興哲-終於了解自由.mp4 */; };
		73D70C97242672C60034FF6C /* 周興哲-Nobody But Me.mp4 in Resources */ = {isa = PBXBuildFile; fileRef = 73D70C8F242672C60034FF6C /* 周興哲-Nobody But Me.mp4 */; };
		73D70C99242674140034FF6C /* 周興哲-小時候的我們.mp4 in Resources */ = {isa = PBXBuildFile; fileRef = 73D70C98242674140034FF6C /* 周興哲-小時候的我們.mp4 */; };
/* End PBXBuildFile section */

/* Begin PBXFileReference section */
		734C6F71242654BF003F9F4C /* musicPlayer.app */ = {isa = PBXFileReference; explicitFileType = wrapper.application; includeInIndex = 0; path = musicPlayer.app; sourceTree = BUILT_PRODUCTS_DIR; };
		734C6F74242654BF003F9F4C /* AppDelegate.swift */ = {isa = PBXFileReference; lastKnownFileType = sourcecode.swift; path = AppDelegate.swift; sourceTree = "<group>"; };
		734C6F76242654BF003F9F4C /* SceneDelegate.swift */ = {isa = PBXFileReference; lastKnownFileType = sourcecode.swift; path = SceneDelegate.swift; sourceTree = "<group>"; };
		734C6F78242654BF003F9F4C /* ViewController.swift */ = {isa = PBXFileReference; lastKnownFileType = sourcecode.swift; path = ViewController.swift; sourceTree = "<group>"; };
		734C6F7B242654BF003F9F4C /* Base */ = {isa = PBXFileReference; lastKnownFileType = file.storyboard; name = Base; path = Base.lproj/Main.storyboard; sourceTree = "<group>"; };
		734C6F7D242654C0003F9F4C /* Assets.xcassets */ = {isa = PBXFileReference; lastKnownFileType = folder.assetcatalog; path = Assets.xcassets; sourceTree = "<group>"; };
		734C6F80242654C0003F9F4C /* Base */ = {isa = PBXFileReference; lastKnownFileType = file.storyboard; name = Base; path = Base.lproj/LaunchScreen.storyboard; sourceTree = "<group>"; };
		734C6F82242654C0003F9F4C /* Info.plist */ = {isa = PBXFileReference; lastKnownFileType = text.plist.xml; path = Info.plist; sourceTree = "<group>"; };
		734C6F8824265788003F9F4C /* 周興哲-怎麼了.mp4 */ = {isa = PBXFileReference; lastKnownFileType = file; path = "周興哲-怎麼了.mp4"; sourceTree = "<group>"; };
		734C6F8A242663BC003F9F4C /* album.swift */ = {isa = PBXFileReference; lastKnownFileType = sourcecode.swift; path = album.swift; sourceTree = "<group>"; };
		73D70C88242672C00034FF6C /* 周興哲-This is love.mp4 */ = {isa = PBXFileReference; lastKnownFileType = file; path = "周興哲-This is love.mp4"; sourceTree = "<group>"; };
		73D70C89242672C00034FF6C /* 周興哲-Old Days.mp4 */ = {isa = PBXFileReference; lastKnownFileType = file; path = "周興哲-Old Days.mp4"; sourceTree = "<group>"; };
		73D70C8A242672C10034FF6C /* 周興哲-如果雨之後.mp4 */ = {isa = PBXFileReference; lastKnownFileType = file; path = "周興哲-如果雨之後.mp4"; sourceTree = "<group>"; };
		73D70C8B242672C20034FF6C /* 周興哲-你好不好.mp4 */ = {isa = PBXFileReference; lastKnownFileType = file; path = "周興哲-你好不好.mp4"; sourceTree = "<group>"; };
		73D70C8C242672C30034FF6C /* 周興哲-以後別做朋友.mp4 */ = {isa = PBXFileReference; lastKnownFileType = file; path = "周興哲-以後別做朋友.mp4"; sourceTree = "<group>"; };
		73D70C8D242672C40034FF6C /* 周興哲-至少我還記得.mp4 */ = {isa = PBXFileReference; lastKnownFileType = file; path = "周興哲-至少我還記得.mp4"; sourceTree = "<group>"; };
		73D70C8E242672C50034FF6C /* 周興哲-終於了解自由.mp4 */ = {isa = PBXFileReference; lastKnownFileType = file; path = "周興哲-終於了解自由.mp4"; sourceTree = "<group>"; };
		73D70C8F242672C60034FF6C /* 周興哲-Nobody But Me.mp4 */ = {isa = PBXFileReference; lastKnownFileType = file; path = "周興哲-Nobody But Me.mp4"; sourceTree = "<group>"; };
		73D70C98242674140034FF6C /* 周興哲-小時候的我們.mp4 */ = {isa = PBXFileReference; lastKnownFileType = file; path = "周興哲-小時候的我們.mp4"; sourceTree = "<group>"; };
/* End PBXFileReference section */

/* Begin PBXFrameworksBuildPhase section */
		734C6F6E242654BF003F9F4C /* Frameworks */ = {
			isa = PBXFrameworksBuildPhase;
			buildActionMask = 2147483647;
			files = (
			);
			runOnlyForDeploymentPostprocessing = 0;
		};
/* End PBXFrameworksBuildPhase section */

/* Begin PBXGroup section */
		734C6F68242654BF003F9F4C = {
			isa = PBXGroup;
			children = (
				734C6F73242654BF003F9F4C /* musicPlayer */,
				734C6F72242654BF003F9F4C /* Products */,
			);
			sourceTree = "<group>";
		};
		734C6F72242654BF003F9F4C /* Products */ = {
			isa = PBXGroup;
			children = (
				734C6F71242654BF003F9F4C /* musicPlayer.app */,
			);
			name = Products;
			sourceTree = "<group>";
		};
		734C6F73242654BF003F9F4C /* musicPlayer */ = {
			isa = PBXGroup;
			children = (
				734C6F74242654BF003F9F4C /* AppDelegate.swift */,
				734C6F76242654BF003F9F4C /* SceneDelegate.swift */,
				734C6F78242654BF003F9F4C /* ViewController.swift */,
				734C6F8A242663BC003F9F4C /* album.swift */,
				734C6F7A242654BF003F9F4C /* Main.storyboard */,
				734C6F7D242654C0003F9F4C /* Assets.xcassets */,
				734C6F7F242654C0003F9F4C /* LaunchScreen.storyboard */,
				734C6F82242654C0003F9F4C /* Info.plist */,
				734C6F8824265788003F9F4C /* 周興哲-怎麼了.mp4 */,
				73D70C8C242672C30034FF6C /* 周興哲-以後別做朋友.mp4 */,
				73D70C8A242672C10034FF6C /* 周興哲-如果雨之後.mp4 */,
				73D70C8D242672C40034FF6C /* 周興哲-至少我還記得.mp4 */,
				73D70C8B242672C20034FF6C /* 周興哲-你好不好.mp4 */,
				73D70C98242674140034FF6C /* 周興哲-小時候的我們.mp4 */,
				73D70C8E242672C50034FF6C /* 周興哲-終於了解自由.mp4 */,
				73D70C8F242672C60034FF6C /* 周興哲-Nobody But Me.mp4 */,
				73D70C89242672C00034FF6C /* 周興哲-Old Days.mp4 */,
				73D70C88242672C00034FF6C /* 周興哲-This is love.mp4 */,
			);
			path = musicPlayer;
			sourceTree = "<group>";
		};
/* End PBXGroup section */

/* Begin PBXNativeTarget section */
		734C6F70242654BF003F9F4C /* musicPlayer */ = {
			isa = PBXNativeTarget;
			buildConfigurationList = 734C6F85242654C0003F9F4C /* Build configuration list for PBXNativeTarget "musicPlayer" */;
			buildPhases = (
				734C6F6D242654BF003F9F4C /* Sources */,
				734C6F6E242654BF003F9F4C /* Frameworks */,
				734C6F6F242654BF003F9F4C /* Resources */,
			);
			buildRules = (
			);
			dependencies = (
			);
			name = musicPlayer;
			productName = musicPlayer;
			productReference = 734C6F71242654BF003F9F4C /* musicPlayer.app */;
			productType = "com.apple.product-type.application";
		};
/* End PBXNativeTarget section */

/* Begin PBXProject section */
		734C6F69242654BF003F9F4C /* Project object */ = {
			isa = PBXProject;
			attributes = {
				LastSwiftUpdateCheck = 1130;
				LastUpgradeCheck = 1130;
				ORGANIZATIONNAME = "林奇杰";
				TargetAttributes = {
					734C6F70242654BF003F9F4C = {
						CreatedOnToolsVersion = 11.3.1;
					};
				};
			};
			buildConfigurationList = 734C6F6C242654BF003F9F4C /* Build configuration list for PBXProject "musicPlayer" */;
			compatibilityVersion = "Xcode 9.3";
			developmentRegion = en;
			hasScannedForEncodings = 0;
			knownRegions = (
				en,
				Base,
			);
			mainGroup = 734C6F68242654BF003F9F4C;
			productRefGroup = 734C6F72242654BF003F9F4C /* Products */;
			projectDirPath = "";
			projectRoot = "";
			targets = (
				734C6F70242654BF003F9F4C /* musicPlayer */,
			);
		};
/* End PBXProject section */

/* Begin PBXResourcesBuildPhase section */
		734C6F6F242654BF003F9F4C /* Resources */ = {
			isa = PBXResourcesBuildPhase;
			buildActionMask = 2147483647;
			files = (
				734C6F81242654C0003F9F4C /* LaunchScreen.storyboard in Resources */,
				73D70C93242672C60034FF6C /* 周興哲-你好不好.mp4 in Resources */,
				73D70C95242672C60034FF6C /* 周興哲-至少我還記得.mp4 in Resources */,
				73D70C97242672C60034FF6C /* 周興哲-Nobody But Me.mp4 in Resources */,
				73D70C96242672C60034FF6C /* 周興哲-終於了解自由.mp4 in Resources */,
				734C6F8924265788003F9F4C /* 周興哲-怎麼了.mp4 in Resources */,
				73D70C99242674140034FF6C /* 周興哲-小時候的我們.mp4 in Resources */,
				73D70C94242672C60034FF6C /* 周興哲-以後別做朋友.mp4 in Resources */,
				73D70C91242672C60034FF6C /* 周興哲-Old Days.mp4 in Resources */,
				73D70C90242672C60034FF6C /* 周興哲-This is love.mp4 in Resources */,
				73D70C92242672C60034FF6C /* 周興哲-如果雨之後.mp4 in Resources */,
				734C6F7E242654C0003F9F4C /* Assets.xcassets in Resources */,
				734C6F7C242654BF003F9F4C /* Main.storyboard in Resources */,
			);
			runOnlyForDeploymentPostprocessing = 0;
		};
/* End PBXResourcesBuildPhase section */

/* Begin PBXSourcesBuildPhase section */
		734C6F6D242654BF003F9F4C /* Sources */ = {
			isa = PBXSourcesBuildPhase;
			buildActionMask = 2147483647;
			files = (
				734C6F79242654BF003F9F4C /* ViewController.swift in Sources */,
				734C6F75242654BF003F9F4C /* AppDelegate.swift in Sources */,
				734C6F77242654BF003F9F4C /* SceneDelegate.swift in Sources */,
				734C6F8B242663BC003F9F4C /* album.swift in Sources */,
			);
			runOnlyForDeploymentPostprocessing = 0;
		};
/* End PBXSourcesBuildPhase section */

/* Begin PBXVariantGroup section */
		734C6F7A242654BF003F9F4C /* Main.storyboard */ = {
			isa = PBXVariantGroup;
			children = (
				734C6F7B242654BF003F9F4C /* Base */,
			);
			name = Main.storyboard;
			sourceTree = "<group>";
		};
		734C6F7F242654C0003F9F4C /* LaunchScreen.storyboard */ = {
			isa = PBXVariantGroup;
			children = (
				734C6F80242654C0003F9F4C /* Base */,
			);
			name = LaunchScreen.storyboard;
			sourceTree = "<group>";
		};
/* End PBXVariantGroup section */

/* Begin XCBuildConfiguration section */
		734C6F83242654C0003F9F4C /* Debug */ = {
			isa = XCBuildConfiguration;
			buildSettings = {
				ALWAYS_SEARCH_USER_PATHS = NO;
				CLANG_ANALYZER_NONNULL = YES;
				CLANG_ANALYZER_NUMBER_OBJECT_CONVERSION = YES_AGGRESSIVE;
				CLANG_CXX_LANGUAGE_STANDARD = "gnu++14";
				CLANG_CXX_LIBRARY = "libc++";
				CLANG_ENABLE_MODULES = YES;
				CLANG_ENABLE_OBJC_ARC = YES;
				CLANG_ENABLE_OBJC_WEAK = YES;
				CLANG_WARN_BLOCK_CAPTURE_AUTORELEASING = YES;
				CLANG_WARN_BOOL_CONVERSION = YES;
				CLANG_WARN_COMMA = YES;
				CLANG_WARN_CONSTANT_CONVERSION = YES;
				CLANG_WARN_DEPRECATED_OBJC_IMPLEMENTATIONS = YES;
				CLANG_WARN_DIRECT_OBJC_ISA_USAGE = YES_ERROR;
				CLANG_WARN_DOCUMENTATION_COMMENTS = YES;
				CLANG_WARN_EMPTY_BODY = YES;
				CLANG_WARN_ENUM_CONVERSION = YES;
				CLANG_WARN_INFINITE_RECURSION = YES;
				CLANG_WARN_INT_CONVERSION = YES;
				CLANG_WARN_NON_LITERAL_NULL_CONVERSION = YES;
				CLANG_WARN_OBJC_IMPLICIT_RETAIN_SELF = YES;
				CLANG_WARN_OBJC_LITERAL_CONVERSION = YES;
				CLANG_WARN_OBJC_ROOT_CLASS = YES_ERROR;
				CLANG_WARN_RANGE_LOOP_ANALYSIS = YES;
				CLANG_WARN_STRICT_PROTOTYPES = YES;
				CLANG_WARN_SUSPICIOUS_MOVE = YES;
				CLANG_WARN_UNGUARDED_AVAILABILITY = YES_AGGRESSIVE;
				CLANG_WARN_UNREACHABLE_CODE = YES;
				CLANG_WARN__DUPLICATE_METHOD_MATCH = YES;
				COPY_PHASE_STRIP = NO;
				DEBUG_INFORMATION_FORMAT = dwarf;
				ENABLE_STRICT_OBJC_MSGSEND = YES;
				ENABLE_TESTABILITY = YES;
				GCC_C_LANGUAGE_STANDARD = gnu11;
				GCC_DYNAMIC_NO_PIC = NO;
				GCC_NO_COMMON_BLOCKS = YES;
				GCC_OPTIMIZATION_LEVEL = 0;
				GCC_PREPROCESSOR_DEFINITIONS = (
					"DEBUG=1",
					"$(inherited)",
				);
				GCC_WARN_64_TO_32_BIT_CONVERSION = YES;
				GCC_WARN_ABOUT_RETURN_TYPE = YES_ERROR;
				GCC_WARN_UNDECLARED_SELECTOR = YES;
				GCC_WARN_UNINITIALIZED_AUTOS = YES_AGGRESSIVE;
				GCC_WARN_UNUSED_FUNCTION = YES;
				GCC_WARN_UNUSED_VARIABLE = YES;
				IPHONEOS_DEPLOYMENT_TARGET = 13.2;
				MTL_ENABLE_DEBUG_INFO = INCLUDE_SOURCE;
				MTL_FAST_MATH = YES;
				ONLY_ACTIVE_ARCH = YES;
				SDKROOT = iphoneos;
				SWIFT_ACTIVE_COMPILATION_CONDITIONS = DEBUG;
				SWIFT_OPTIMIZATION_LEVEL = "-Onone";
			};
			name = Debug;
		};
		734C6F84242654C0003F9F4C /* Release */ = {
			isa = XCBuildConfiguration;
			buildSettings = {
				ALWAYS_SEARCH_USER_PATHS = NO;
				CLANG_ANALYZER_NONNULL = YES;
				CLANG_ANALYZER_NUMBER_OBJECT_CONVERSION = YES_AGGRESSIVE;
				CLANG_CXX_LANGUAGE_STANDARD = "gnu++14";
				CLANG_CXX_LIBRARY = "libc++";
				CLANG_ENABLE_MODULES = YES;
				CLANG_ENABLE_OBJC_ARC = YES;
				CLANG_ENABLE_OBJC_WEAK = YES;
				CLANG_WARN_BLOCK_CAPTURE_AUTORELEASING = YES;
				CLANG_WARN_BOOL_CONVERSION = YES;
				CLANG_WARN_COMMA = YES;
				CLANG_WARN_CONSTANT_CONVERSION = YES;
				CLANG_WARN_DEPRECATED_OBJC_IMPLEMENTATIONS = YES;
				CLANG_WARN_DIRECT_OBJC_ISA_USAGE = YES_ERROR;
				CLANG_WARN_DOCUMENTATION_COMMENTS = YES;
				CLANG_WARN_EMPTY_BODY = YES;
				CLANG_WARN_ENUM_CONVERSION = YES;
				CLANG_WARN_INFINITE_RECURSION = YES;
				CLANG_WARN_INT_CONVERSION = YES;
				CLANG_WARN_NON_LITERAL_NULL_CONVERSION = YES;
				CLANG_WARN_OBJC_IMPLICIT_RETAIN_SELF = YES;
				CLANG_WARN_OBJC_LITERAL_CONVERSION = YES;
				CLANG_WARN_OBJC_ROOT_CLASS = YES_ERROR;
				CLANG_WARN_RANGE_LOOP_ANALYSIS = YES;
				CLANG_WARN_STRICT_PROTOTYPES = YES;
				CLANG_WARN_SUSPICIOUS_MOVE = YES;
				CLANG_WARN_UNGUARDED_AVAILABILITY = YES_AGGRESSIVE;
				CLANG_WARN_UNREACHABLE_CODE = YES;
				CLANG_WARN__DUPLICATE_METHOD_MATCH = YES;
				COPY_PHASE_STRIP = NO;
				DEBUG_INFORMATION_FORMAT = "dwarf-with-dsym";
				ENABLE_NS_ASSERTIONS = NO;
				ENABLE_STRICT_OBJC_MSGSEND = YES;
				GCC_C_LANGUAGE_STANDARD = gnu11;
				GCC_NO_COMMON_BLOCKS = YES;
				GCC_WARN_64_TO_32_BIT_CONVERSION = YES;
				GCC_WARN_ABOUT_RETURN_TYPE = YES_ERROR;
				GCC_WARN_UNDECLARED_SELECTOR = YES;
				GCC_WARN_UNINITIALIZED_AUTOS = YES_AGGRESSIVE;
				GCC_WARN_UNUSED_FUNCTION = YES;
				GCC_WARN_UNUSED_VARIABLE = YES;
				IPHONEOS_DEPLOYMENT_TARGET = 13.2;
				MTL_ENABLE_DEBUG_INFO = NO;
				MTL_FAST_MATH = YES;
				SDKROOT = iphoneos;
				SWIFT_COMPILATION_MODE = wholemodule;
				SWIFT_OPTIMIZATION_LEVEL = "-O";
				VALIDATE_PRODUCT = YES;
			};
			name = Release;
		};
		734C6F86242654C0003F9F4C /* Debug */ = {
			isa = XCBuildConfiguration;
			buildSettings = {
				ASSETCATALOG_COMPILER_APPICON_NAME = AppIcon;
				CODE_SIGN_STYLE = Automatic;
				DEVELOPMENT_TEAM = PN6ASWBDAN;
				INFOPLIST_FILE = musicPlayer/Info.plist;
				IPHONEOS_DEPLOYMENT_TARGET = 13.1;
				LD_RUNPATH_SEARCH_PATHS = (
					"$(inherited)",
					"@executable_path/Frameworks",
				);
				PRODUCT_BUNDLE_IDENTIFIER = com.interinfo.musicPlayer;
				PRODUCT_NAME = "$(TARGET_NAME)";
				SWIFT_VERSION = 5.0;
				TARGETED_DEVICE_FAMILY = "1,2";
			};
			name = Debug;
		};
		734C6F87242654C0003F9F4C /* Release */ = {
			isa = XCBuildConfiguration;
			buildSettings = {
				ASSETCATALOG_COMPILER_APPICON_NAME = AppIcon;
				CODE_SIGN_STYLE = Automatic;
				DEVELOPMENT_TEAM = PN6ASWBDAN;
				INFOPLIST_FILE = musicPlayer/Info.plist;
				IPHONEOS_DEPLOYMENT_TARGET = 13.1;
				LD_RUNPATH_SEARCH_PATHS = (
					"$(inherited)",
					"@executable_path/Frameworks",
				);
				PRODUCT_BUNDLE_IDENTIFIER = com.interinfo.musicPlayer;
				PRODUCT_NAME = "$(TARGET_NAME)";
				SWIFT_VERSION = 5.0;
				TARGETED_DEVICE_FAMILY = "1,2";
			};
			name = Release;
		};
/* End XCBuildConfiguration section */

/* Begin XCConfigurationList section */
		734C6F6C242654BF003F9F4C /* Build configuration list for PBXProject "musicPlayer" */ = {
			isa = XCConfigurationList;
			buildConfigurations = (
				734C6F83242654C0003F9F4C /* Debug */,
				734C6F84242654C0003F9F4C /* Release */,
			);
			defaultConfigurationIsVisible = 0;
			defaultConfigurationName = Release;
		};
		734C6F85242654C0003F9F4C /* Build configuration list for PBXNativeTarget "musicPlayer" */ = {
			isa = XCConfigurationList;
			buildConfigurations = (
				734C6F86242654C0003F9F4C /* Debug */,
				734C6F87242654C0003F9F4C /* Release */,
			);
			defaultConfigurationIsVisible = 0;
			defaultConfigurationName = Release;
		};
/* End XCConfigurationList section */
	};
	rootObject = 734C6F69242654BF003F9F4C /* Project object */;
}
